
Microsoft Visual Studio Solution File, Format Version 12.00
# Visual Studio Version 17
VisualStudioVersion = 17.1.32210.238
MinimumVisualStudioVersion = 10.0.40219.1
Project("{2150E333-8FDC-42A3-9474-1A3956D46DE8}") = "FrontEnd", "FrontEnd", "{60623816-C5BC-42D6-B5A9-79CB82282CE1}"
EndProject
Project("{2150E333-8FDC-42A3-9474-1A3956D46DE8}") = "Services", "Services", "{21CE1D70-9DDD-419E-9CD9-995597C68AFE}"
EndProject
Project("{9A19103F-16F7-4668-BE54-9A1E7A4F7556}") = "Mango.Services.ProductAPI", "Mango.Services.ProductAPI\Mango.Services.ProductAPI.csproj", "{292057D3-C0F2-465C-A1F1-5282FAE3F84D}"
EndProject
Project("{9A19103F-16F7-4668-BE54-9A1E7A4F7556}") = "Mango.Web", "Mango.Web\Mango.Web.csproj", "{1C24F3AA-027E-4D74-AC26-5F0C2E08DBAB}"
EndProject
Project("{9A19103F-16F7-4668-BE54-9A1E7A4F7556}") = "Mango.Services.Identity", "Mango.Services.Identity\Mango.Services.Identity.csproj", "{837DD261-605B-448C-BFC2-67608A555041}"
EndProject
Project("{9A19103F-16F7-4668-BE54-9A1E7A4F7556}") = "Mango.Services.ShoppingCartAPI", "Mango.Services.ShoppingCartAPI\Mango.Services.ShoppingCartAPI.csproj", "{E891556F-AF92-4DAA-8248-0FE21ABC1BB3}"
EndProject
Project("{9A19103F-16F7-4668-BE54-9A1E7A4F7556}") = "Mango.Services.CouponAPI", "Mango.Services.CouponAPI\Mango.Services.CouponAPI.csproj", "{77EE0596-F9A0-4527-B592-AC4305893CD4}"
EndProject
Project("{2150E333-8FDC-42A3-9474-1A3956D46DE8}") = "Integration", "Integration", "{418BD517-9588-4442-8ABC-06CEDB82F05E}"
EndProject
Project("{9A19103F-16F7-4668-BE54-9A1E7A4F7556}") = "Mango.MessageBus", "Mango.MessageBus\Mango.MessageBus.csproj", "{BEA52FA7-EB9A-48DA-86FE-95EBB260983C}"
EndProject
Project("{9A19103F-16F7-4668-BE54-9A1E7A4F7556}") = "Mango.Services.OrderAPI", "Mango.Services.OrderAPI\Mango.Services.OrderAPI.csproj", "{A09B77FE-32E9-4A79-AF84-D7F3220BDAFF}"
EndProject
Project("{9A19103F-16F7-4668-BE54-9A1E7A4F7556}") = "PaymentProcessor", "PaymentProcessor\PaymentProcessor.csproj", "{C99566D0-E12E-47BE-A2D1-496DC172C640}"
EndProject
Project("{9A19103F-16F7-4668-BE54-9A1E7A4F7556}") = "Mango.Services.PaymentAPI", "Mango.Services.PaymentAPI\Mango.Services.PaymentAPI.csproj", "{8D733EF9-888D-4797-81FD-B6E6DAC79D78}"
EndProject
Project("{FAE04EC0-301F-11D3-BF4B-00C04F79EFBC}") = "Mango.Services.Email", "Mango.Services.Email\Mango.Services.Email.csproj", "{09252B6B-6824-467A-B6DB-4253774C7D44}"
EndProject
Project("{2150E333-8FDC-42A3-9474-1A3956D46DE8}") = "Gateway", "Gateway", "{23120F8B-1EA8-43B5-B39F-5EFC32FAF3DF}"
EndProject
Project("{FAE04EC0-301F-11D3-BF4B-00C04F79EFBC}") = "Mango.GatewaySolution", "Mango.GatewaySolution\Mango.GatewaySolution.csproj", "{4A92EDC0-54F6-409A-9563-4D6F8CD1C4CF}"
EndProject
Global
	GlobalSection(SolutionConfigurationPlatforms) = preSolution
		Debug|Any CPU = Debug|Any CPU
		Release|Any CPU = Release|Any CPU
	EndGlobalSection
	GlobalSection(ProjectConfigurationPlatforms) = postSolution
		{292057D3-C0F2-465C-A1F1-5282FAE3F84D}.Debug|Any CPU.ActiveCfg = Debug|Any CPU
		{292057D3-C0F2-465C-A1F1-5282FAE3F84D}.Debug|Any CPU.Build.0 = Debug|Any CPU
		{292057D3-C0F2-465C-A1F1-5282FAE3F84D}.Release|Any CPU.ActiveCfg = Release|Any CPU
		{292057D3-C0F2-465C-A1F1-5282FAE3F84D}.Release|Any CPU.Build.0 = Release|Any CPU
		{1C24F3AA-027E-4D74-AC26-5F0C2E08DBAB}.Debug|Any CPU.ActiveCfg = Debug|Any CPU
		{1C24F3AA-027E-4D74-AC26-5F0C2E08DBAB}.Debug|Any CPU.Build.0 = Debug|Any CPU
		{1C24F3AA-027E-4D74-AC26-5F0C2E08DBAB}.Release|Any CPU.ActiveCfg = Release|Any CPU
		{1C24F3AA-027E-4D74-AC26-5F0C2E08DBAB}.Release|Any CPU.Build.0 = Release|Any CPU
		{837DD261-605B-448C-BFC2-67608A555041}.Debug|Any CPU.ActiveCfg = Debug|Any CPU
		{837DD261-605B-448C-BFC2-67608A555041}.Debug|Any CPU.Build.0 = Debug|Any CPU
		{837DD261-605B-448C-BFC2-67608A555041}.Release|Any CPU.ActiveCfg = Release|Any CPU
		{837DD261-605B-448C-BFC2-67608A555041}.Release|Any CPU.Build.0 = Release|Any CPU
		{E891556F-AF92-4DAA-8248-0FE21ABC1BB3}.Debug|Any CPU.ActiveCfg = Debug|Any CPU
		{E891556F-AF92-4DAA-8248-0FE21ABC1BB3}.Debug|Any CPU.Build.0 = Debug|Any CPU
		{E891556F-AF92-4DAA-8248-0FE21ABC1BB3}.Release|Any CPU.ActiveCfg = Release|Any CPU
		{E891556F-AF92-4DAA-8248-0FE21ABC1BB3}.Release|Any CPU.Build.0 = Release|Any CPU
		{77EE0596-F9A0-4527-B592-AC4305893CD4}.Debug|Any CPU.ActiveCfg = Debug|Any CPU
		{77EE0596-F9A0-4527-B592-AC4305893CD4}.Debug|Any CPU.Build.0 = Debug|Any CPU
		{77EE0596-F9A0-4527-B592-AC4305893CD4}.Release|Any CPU.ActiveCfg = Release|Any CPU
		{77EE0596-F9A0-4527-B592-AC4305893CD4}.Release|Any CPU.Build.0 = Release|Any CPU
		{BEA52FA7-EB9A-48DA-86FE-95EBB260983C}.Debug|Any CPU.ActiveCfg = Debug|Any CPU
		{BEA52FA7-EB9A-48DA-86FE-95EBB260983C}.Debug|Any CPU.Build.0 = Debug|Any CPU
		{BEA52FA7-EB9A-48DA-86FE-95EBB260983C}.Release|Any CPU.ActiveCfg = Release|Any CPU
		{BEA52FA7-EB9A-48DA-86FE-95EBB260983C}.Release|Any CPU.Build.0 = Release|Any CPU
		{A09B77FE-32E9-4A79-AF84-D7F3220BDAFF}.Debug|Any CPU.ActiveCfg = Debug|Any CPU
		{A09B77FE-32E9-4A79-AF84-D7F3220BDAFF}.Debug|Any CPU.Build.0 = Debug|Any CPU
		{A09B77FE-32E9-4A79-AF84-D7F3220BDAFF}.Release|Any CPU.ActiveCfg = Release|Any CPU
		{A09B77FE-32E9-4A79-AF84-D7F3220BDAFF}.Release|Any CPU.Build.0 = Release|Any CPU
		{C99566D0-E12E-47BE-A2D1-496DC172C640}.Debug|Any CPU.ActiveCfg = Debug|Any CPU
		{C99566D0-E12E-47BE-A2D1-496DC172C640}.Debug|Any CPU.Build.0 = Debug|Any CPU
		{C99566D0-E12E-47BE-A2D1-496DC172C640}.Release|Any CPU.ActiveCfg = Release|Any CPU
		{C99566D0-E12E-47BE-A2D1-496DC172C640}.Release|Any CPU.Build.0 = Release|Any CPU
		{8D733EF9-888D-4797-81FD-B6E6DAC79D78}.Debug|Any CPU.ActiveCfg = Debug|Any CPU
		{8D733EF9-888D-4797-81FD-B6E6DAC79D78}.Debug|Any CPU.Build.0 = Debug|Any CPU
		{8D733EF9-888D-4797-81FD-B6E6DAC79D78}.Release|Any CPU.ActiveCfg = Release|Any CPU
		{8D733EF9-888D-4797-81FD-B6E6DAC79D78}.Release|Any CPU.Build.0 = Release|Any CPU
		{09252B6B-6824-467A-B6DB-4253774C7D44}.Debug|Any CPU.ActiveCfg = Debug|Any CPU
		{09252B6B-6824-467A-B6DB-4253774C7D44}.Debug|Any CPU.Build.0 = Debug|Any CPU
		{09252B6B-6824-467A-B6DB-4253774C7D44}.Release|Any CPU.ActiveCfg = Release|Any CPU
		{09252B6B-6824-467A-B6DB-4253774C7D44}.Release|Any CPU.Build.0 = Release|Any CPU
		{4A92EDC0-54F6-409A-9563-4D6F8CD1C4CF}.Debug|Any CPU.ActiveCfg = Debug|Any CPU
		{4A92EDC0-54F6-409A-9563-4D6F8CD1C4CF}.Debug|Any CPU.Build.0 = Debug|Any CPU
		{4A92EDC0-54F6-409A-9563-4D6F8CD1C4CF}.Release|Any CPU.ActiveCfg = Release|Any CPU
		{4A92EDC0-54F6-409A-9563-4D6F8CD1C4CF}.Release|Any CPU.Build.0 = Release|Any CPU
	EndGlobalSection
	GlobalSection(SolutionProperties) = preSolution
		HideSolutionNode = FALSE
	EndGlobalSection
	GlobalSection(NestedProjects) = preSolution
		{292057D3-C0F2-465C-A1F1-5282FAE3F84D} = {21CE1D70-9DDD-419E-9CD9-995597C68AFE}
		{1C24F3AA-027E-4D74-AC26-5F0C2E08DBAB} = {60623816-C5BC-42D6-B5A9-79CB82282CE1}
		{837DD261-605B-448C-BFC2-67608A555041} = {21CE1D70-9DDD-419E-9CD9-995597C68AFE}
		{E891556F-AF92-4DAA-8248-0FE21ABC1BB3} = {21CE1D70-9DDD-419E-9CD9-995597C68AFE}
		{77EE0596-F9A0-4527-B592-AC4305893CD4} = {21CE1D70-9DDD-419E-9CD9-995597C68AFE}
		{BEA52FA7-EB9A-48DA-86FE-95EBB260983C} = {418BD517-9588-4442-8ABC-06CEDB82F05E}
		{A09B77FE-32E9-4A79-AF84-D7F3220BDAFF} = {21CE1D70-9DDD-419E-9CD9-995597C68AFE}
		{C99566D0-E12E-47BE-A2D1-496DC172C640} = {418BD517-9588-4442-8ABC-06CEDB82F05E}
		{8D733EF9-888D-4797-81FD-B6E6DAC79D78} = {21CE1D70-9DDD-419E-9CD9-995597C68AFE}
		{09252B6B-6824-467A-B6DB-4253774C7D44} = {21CE1D70-9DDD-419E-9CD9-995597C68AFE}
		{4A92EDC0-54F6-409A-9563-4D6F8CD1C4CF} = {23120F8B-1EA8-43B5-B39F-5EFC32FAF3DF}
	EndGlobalSection
	GlobalSection(ExtensibilityGlobals) = postSolution
		SolutionGuid = {92CDD75E-711D-4507-8B7A-99A2160EEA92}
	EndGlobalSection
EndGlobal
